
Microsoft Visual Studio Solution File, Format Version 12.00
# Visual Studio Version 16
VisualStudioVersion = 16.0.31515.178
MinimumVisualStudioVersion = 10.0.40219.1
Project("{FAE04EC0-301F-11D3-BF4B-00C04F79EFBC}") = "MP_VendorTool", "MP_VendorTool\MP_VendorTool.csproj", "{E8B2C9F7-CD43-4206-9561-06C7FD828FA1}"
EndProject
Project("{FAE04EC0-301F-11D3-BF4B-00C04F79EFBC}") = "Lib.Utils.Package", "Lib.Utils.Package\Lib.Utils.Package.csproj", "{A0CC3AB7-162F-491C-AA68-F8D24C4E21CF}"
EndProject
Global
	GlobalSection(SolutionConfigurationPlatforms) = preSolution
		Debug|Any CPU = Debug|Any CPU
		Release|Any CPU = Release|Any CPU
	EndGlobalSection
	GlobalSection(ProjectConfigurationPlatforms) = postSolution
		{E8B2C9F7-CD43-4206-9561-06C7FD828FA1}.Debug|Any CPU.ActiveCfg = Debug|Any CPU
		{E8B2C9F7-CD43-4206-9561-06C7FD828FA1}.Debug|Any CPU.Build.0 = Debug|Any CPU
		{E8B2C9F7-CD43-4206-9561-06C7FD828FA1}.Release|Any CPU.ActiveCfg = Release|Any CPU
		{E8B2C9F7-CD43-4206-9561-06C7FD828FA1}.Release|Any CPU.Build.0 = Release|Any CPU
		{A0CC3AB7-162F-491C-AA68-F8D24C4E21CF}.Debug|Any CPU.ActiveCfg = Debug|Any CPU
		{A0CC3AB7-162F-491C-AA68-F8D24C4E21CF}.Debug|Any CPU.Build.0 = Debug|Any CPU
		{A0CC3AB7-162F-491C-AA68-F8D24C4E21CF}.Release|Any CPU.ActiveCfg = Release|Any CPU
		{A0CC3AB7-162F-491C-AA68-F8D24C4E21CF}.Release|Any CPU.Build.0 = Release|Any CPU
	EndGlobalSection
	GlobalSection(SolutionProperties) = preSolution
		HideSolutionNode = FALSE
	EndGlobalSection
	GlobalSection(ExtensibilityGlobals) = postSolution
		SolutionGuid = {37F77528-CC02-422E-BE2B-8C0C1088B47E}
	EndGlobalSection
EndGlobal
